{
  "version": 4,
  "terraform_version": "1.2.9",
  "serial": 4,
  "lineage": "d50e6abf-4f38-9750-440a-2dc70ef7851f",
  "outputs": {},
  "resources": [
    {
      "mode": "data",
      "type": "omdb_film_by_id",
      "name": "my_favorite_film",
      "provider": "provider[\"github.com/chrismarget/omdb\"]",
      "instances": [
        {
          "schema_version": 0,
          "attributes": {
            "imdb_id": "tt0080455",
            "ratings0": [
              {
                "source": "Internet Movie Database",
                "value": "7.9/10"
              },
              {
                "source": "Rotten Tomatoes",
                "value": "73%"
              },
              {
                "source": "Metacritic",
                "value": "60/100"
              }
            ],
            "ratings1": [
              {
                "source": "Internet Movie Database",
                "value": "7.9/10"
              },
              {
                "source": "Rotten Tomatoes",
                "value": "73%"
              },
              {
                "source": "Metacritic",
                "value": "60/100"
              }
            ],
            "ratings2": [
              {
                "source": "Internet Movie Database",
                "value": "7.9/10"
              },
              {
                "source": "Rotten Tomatoes",
                "value": "73%"
              },
              {
                "source": "Metacritic",
                "value": "60/100"
              }
            ],
            "title": "The Blues Brothers",
            "year": "1980"
          },
          "sensitive_attributes": []
        }
      ]
    },
    {
      "mode": "managed",
      "type": "omdb_film",
      "name": "fav",
      "provider": "provider[\"github.com/chrismarget/omdb\"]",
      "instances": [
        {
          "schema_version": 0,
          "attributes": {
            "id": "b60814545e365081",
            "ratings0": null,
            "ratings1": null,
            "ratings2": null,
            "title": "The Blues Brothers",
            "year": "1980"
          },
          "sensitive_attributes": [],
          "dependencies": [
            "data.omdb_film_by_id.my_favorite_film"
          ]
        }
      ]
    }
  ]
}
